schema: '2.0'
stages:
  extract_corpus:
    cmd: uv run --locked civil-code-extract data/raw/egyption-low.pdf --json 
      data/processed/egyptian_civil_code.json --markdown 
      data/processed/egyptian_civil_code.md
    deps:
    - path: data/raw/egyption-low.pdf
      hash: md5
      md5: 5086ef5f16f15d856278db943e58e948
      size: 2599703
    - path: pyproject.toml
      hash: md5
      md5: 87db15acbefd04744e7dda9717e593b9
      size: 688
    - path: src/egyptian_civil_code_rag/extraction.py
      hash: md5
      md5: 0af60e8a907364ce07daf064bff4df2e
      size: 22260
    - path: uv.lock
      hash: md5
      md5: 8bbd8848e7a846f0158502af449d3565
      size: 181149
    outs:
    - path: data/processed/egyptian_civil_code.json
      hash: md5
      md5: ffd3c31f4f9936c79bbb855b05b944f2
      size: 2352655
    - path: data/processed/egyptian_civil_code.md
      hash: md5
      md5: a3214e1ef5d1a358265968b71dfff290
      size: 1085441
